Microsoft Visual Studio Solution File, Format Version 12.00
# Visual Studio 2012
Project("{2150E333-8FDC-42A3-9474-1A3956D46DE8}") = "CryCommon", "CryCommon", "{E5BA3811-26B7-41D0-A1A1-A8C39AD0E03D}"
EndProject
Project("{2150E333-8FDC-42A3-9474-1A3956D46DE8}") = "Game", "Game", "{78E8FC00-CA9B-4FEF-993C-79D220E218AA}"
EndProject
Project("{8BC9CEB8-8B4A-11D0-8D11-00A0C91BC942}") = "CryCommon", "..\CryEngine\CryCommon\CryCommon.vcxproj", "{AEB958D4-45CA-478B-BA8E-D0E897CE974B}"
EndProject
Project("{8BC9CEB8-8B4A-11D0-8D11-00A0C91BC942}") = "CryAction", "..\CryEngine\CryAction\CryActionHeaders.vcxproj", "{498187B3-E46F-45FA-A202-992AE9FDA01A}"
EndProject
Project("{8BC9CEB8-8B4A-11D0-8D11-00A0C91BC942}") = "CryGameSDK", "..\GameSDK\GameDll\GameDllSDK.vcxproj", "{50065103-6F55-4BF6-9E91-E4D7A955C8FE}"
EndProject
Project("{8BC9CEB8-8B4A-11D0-8D11-00A0C91BC942}") = "CoherentUI", "..\CoherentUI_CryEngine3\project\CoherentUI.vcxproj", "{611E60F1-B300-47F1-9E33-591B5BAD59ED}"
EndProject
Project("{8BC9CEB8-8B4A-11D0-8D11-00A0C91BC942}") = "Manager", "..\Plugin_SDK\project\PluginManager.vcxproj", "{90193419-7421-4233-BEBD-148D6566622B}"
EndProject
Project("{8BC9CEB8-8B4A-11D0-8D11-00A0C91BC942}") = "D3D", "..\Plugin_D3D\project\D3D.vcxproj", "{3E7CB34E-8C3C-49BE-A5A2-CEE7E3FB430D}"
EndProject
Global
	GlobalSection(SolutionConfigurationPlatforms) = preSolution
		Debug|Win32 = Debug|Win32
		Debug|x64 = Debug|x64
		Debug|Xbox 360 = Debug|Xbox 360
		Performance|Win32 = Performance|Win32
		Performance|x64 = Performance|x64
		Performance|Xbox 360 = Performance|Xbox 360
		Profile Server Only|Win32 = Profile Server Only|Win32
		Profile Server Only|x64 = Profile Server Only|x64
		Profile Server Only|Xbox 360 = Profile Server Only|Xbox 360
		Profile|Win32 = Profile|Win32
		Profile|x64 = Profile|x64
		Profile|Xbox 360 = Profile|Xbox 360
		Release Server Only|Win32 = Release Server Only|Win32
		Release Server Only|x64 = Release Server Only|x64
		Release Server Only|Xbox 360 = Release Server Only|Xbox 360
		Release|Win32 = Release|Win32
		Release|x64 = Release|x64
		Release|Xbox 360 = Release|Xbox 360
	EndGlobalSection
	GlobalSection(ProjectConfigurationPlatforms) = postSolution
		{AEB958D4-45CA-478B-BA8E-D0E897CE974B}.Debug|Win32.ActiveCfg = Debug|Win32
		{AEB958D4-45CA-478B-BA8E-D0E897CE974B}.Debug|x64.ActiveCfg = Debug|x64
		{AEB958D4-45CA-478B-BA8E-D0E897CE974B}.Debug|Xbox 360.ActiveCfg = Debug|Win32
		{AEB958D4-45CA-478B-BA8E-D0E897CE974B}.Performance|Win32.ActiveCfg = Performance|Win32
		{AEB958D4-45CA-478B-BA8E-D0E897CE974B}.Performance|Win32.Build.0 = Performance|Win32
		{AEB958D4-45CA-478B-BA8E-D0E897CE974B}.Performance|x64.ActiveCfg = Performance|x64
		{AEB958D4-45CA-478B-BA8E-D0E897CE974B}.Performance|x64.Build.0 = Performance|x64
		{AEB958D4-45CA-478B-BA8E-D0E897CE974B}.Performance|Xbox 360.ActiveCfg = Performance|Win32
		{AEB958D4-45CA-478B-BA8E-D0E897CE974B}.Profile Server Only|Win32.ActiveCfg = Profile Server Only|Win32
		{AEB958D4-45CA-478B-BA8E-D0E897CE974B}.Profile Server Only|Win32.Build.0 = Profile Server Only|Win32
		{AEB958D4-45CA-478B-BA8E-D0E897CE974B}.Profile Server Only|x64.ActiveCfg = Profile Server Only|x64
		{AEB958D4-45CA-478B-BA8E-D0E897CE974B}.Profile Server Only|x64.Build.0 = Profile Server Only|x64
		{AEB958D4-45CA-478B-BA8E-D0E897CE974B}.Profile Server Only|Xbox 360.ActiveCfg = Profile Server Only|Win32
		{AEB958D4-45CA-478B-BA8E-D0E897CE974B}.Profile|Win32.ActiveCfg = Profile|Win32
		{AEB958D4-45CA-478B-BA8E-D0E897CE974B}.Profile|x64.ActiveCfg = Profile|x64
		{AEB958D4-45CA-478B-BA8E-D0E897CE974B}.Profile|Xbox 360.ActiveCfg = Profile|Win32
		{AEB958D4-45CA-478B-BA8E-D0E897CE974B}.Release Server Only|Win32.ActiveCfg = Release Server Only|Win32
		{AEB958D4-45CA-478B-BA8E-D0E897CE974B}.Release Server Only|Win32.Build.0 = Release Server Only|Win32
		{AEB958D4-45CA-478B-BA8E-D0E897CE974B}.Release Server Only|x64.ActiveCfg = Release Server Only|x64
		{AEB958D4-45CA-478B-BA8E-D0E897CE974B}.Release Server Only|x64.Build.0 = Release Server Only|x64
		{AEB958D4-45CA-478B-BA8E-D0E897CE974B}.Release Server Only|Xbox 360.ActiveCfg = Release Server Only|Win32
		{AEB958D4-45CA-478B-BA8E-D0E897CE974B}.Release|Win32.ActiveCfg = Release|Win32
		{AEB958D4-45CA-478B-BA8E-D0E897CE974B}.Release|Win32.Build.0 = Release|Win32
		{AEB958D4-45CA-478B-BA8E-D0E897CE974B}.Release|x64.ActiveCfg = Release|x64
		{AEB958D4-45CA-478B-BA8E-D0E897CE974B}.Release|x64.Build.0 = Release|x64
		{AEB958D4-45CA-478B-BA8E-D0E897CE974B}.Release|Xbox 360.ActiveCfg = Release|Win32
		{498187B3-E46F-45FA-A202-992AE9FDA01A}.Debug|Win32.ActiveCfg = Debug|Win32
		{498187B3-E46F-45FA-A202-992AE9FDA01A}.Debug|x64.ActiveCfg = Debug|x64
		{498187B3-E46F-45FA-A202-992AE9FDA01A}.Debug|Xbox 360.ActiveCfg = Debug|x64
		{498187B3-E46F-45FA-A202-992AE9FDA01A}.Performance|Win32.ActiveCfg = Profile|x64
		{498187B3-E46F-45FA-A202-992AE9FDA01A}.Performance|x64.ActiveCfg = Profile|x64
		{498187B3-E46F-45FA-A202-992AE9FDA01A}.Performance|x64.Build.0 = Profile|x64
		{498187B3-E46F-45FA-A202-992AE9FDA01A}.Performance|Xbox 360.ActiveCfg = Profile|x64
		{498187B3-E46F-45FA-A202-992AE9FDA01A}.Profile Server Only|Win32.ActiveCfg = Profile|x64
		{498187B3-E46F-45FA-A202-992AE9FDA01A}.Profile Server Only|x64.ActiveCfg = Profile|x64
		{498187B3-E46F-45FA-A202-992AE9FDA01A}.Profile Server Only|x64.Build.0 = Profile|x64
		{498187B3-E46F-45FA-A202-992AE9FDA01A}.Profile Server Only|Xbox 360.ActiveCfg = Profile|x64
		{498187B3-E46F-45FA-A202-992AE9FDA01A}.Profile|Win32.ActiveCfg = Profile|Win32
		{498187B3-E46F-45FA-A202-992AE9FDA01A}.Profile|x64.ActiveCfg = Profile|x64
		{498187B3-E46F-45FA-A202-992AE9FDA01A}.Profile|Xbox 360.ActiveCfg = Profile|x64
		{498187B3-E46F-45FA-A202-992AE9FDA01A}.Release Server Only|Win32.ActiveCfg = Release|x64
		{498187B3-E46F-45FA-A202-992AE9FDA01A}.Release Server Only|x64.ActiveCfg = Release|x64
		{498187B3-E46F-45FA-A202-992AE9FDA01A}.Release Server Only|x64.Build.0 = Release|x64
		{498187B3-E46F-45FA-A202-992AE9FDA01A}.Release Server Only|Xbox 360.ActiveCfg = Release|x64
		{498187B3-E46F-45FA-A202-992AE9FDA01A}.Release|Win32.ActiveCfg = Release|Win32
		{498187B3-E46F-45FA-A202-992AE9FDA01A}.Release|Win32.Build.0 = Release|Win32
		{498187B3-E46F-45FA-A202-992AE9FDA01A}.Release|x64.ActiveCfg = Release|x64
		{498187B3-E46F-45FA-A202-992AE9FDA01A}.Release|x64.Build.0 = Release|x64
		{498187B3-E46F-45FA-A202-992AE9FDA01A}.Release|Xbox 360.ActiveCfg = Release|x64
		{50065103-6F55-4BF6-9E91-E4D7A955C8FE}.Debug|Win32.ActiveCfg = Debug|Win32
		{50065103-6F55-4BF6-9E91-E4D7A955C8FE}.Debug|Win32.Build.0 = Debug|Win32
		{50065103-6F55-4BF6-9E91-E4D7A955C8FE}.Debug|x64.ActiveCfg = Debug|x64
		{50065103-6F55-4BF6-9E91-E4D7A955C8FE}.Debug|x64.Build.0 = Debug|x64
		{50065103-6F55-4BF6-9E91-E4D7A955C8FE}.Debug|Xbox 360.ActiveCfg = Debug|Win32
		{50065103-6F55-4BF6-9E91-E4D7A955C8FE}.Performance|Win32.ActiveCfg = Performance|Win32
		{50065103-6F55-4BF6-9E91-E4D7A955C8FE}.Performance|Win32.Build.0 = Performance|Win32
		{50065103-6F55-4BF6-9E91-E4D7A955C8FE}.Performance|x64.ActiveCfg = Performance|x64
		{50065103-6F55-4BF6-9E91-E4D7A955C8FE}.Performance|x64.Build.0 = Performance|x64
		{50065103-6F55-4BF6-9E91-E4D7A955C8FE}.Performance|Xbox 360.ActiveCfg = Performance|Win32
		{50065103-6F55-4BF6-9E91-E4D7A955C8FE}.Profile Server Only|Win32.ActiveCfg = Profile Server Only|Win32
		{50065103-6F55-4BF6-9E91-E4D7A955C8FE}.Profile Server Only|Win32.Build.0 = Profile Server Only|Win32
		{50065103-6F55-4BF6-9E91-E4D7A955C8FE}.Profile Server Only|x64.ActiveCfg = Profile Server Only|x64
		{50065103-6F55-4BF6-9E91-E4D7A955C8FE}.Profile Server Only|x64.Build.0 = Profile Server Only|x64
		{50065103-6F55-4BF6-9E91-E4D7A955C8FE}.Profile Server Only|Xbox 360.ActiveCfg = Profile Server Only|Win32
		{50065103-6F55-4BF6-9E91-E4D7A955C8FE}.Profile|Win32.ActiveCfg = Profile|Win32
		{50065103-6F55-4BF6-9E91-E4D7A955C8FE}.Profile|Win32.Build.0 = Profile|Win32
		{50065103-6F55-4BF6-9E91-E4D7A955C8FE}.Profile|x64.ActiveCfg = Profile|x64
		{50065103-6F55-4BF6-9E91-E4D7A955C8FE}.Profile|x64.Build.0 = Profile|x64
		{50065103-6F55-4BF6-9E91-E4D7A955C8FE}.Profile|Xbox 360.ActiveCfg = Profile|Win32
		{50065103-6F55-4BF6-9E91-E4D7A955C8FE}.Release Server Only|Win32.ActiveCfg = Release Server Only|Win32
		{50065103-6F55-4BF6-9E91-E4D7A955C8FE}.Release Server Only|Win32.Build.0 = Release Server Only|Win32
		{50065103-6F55-4BF6-9E91-E4D7A955C8FE}.Release Server Only|x64.ActiveCfg = Release Server Only|x64
		{50065103-6F55-4BF6-9E91-E4D7A955C8FE}.Release Server Only|x64.Build.0 = Release Server Only|x64
		{50065103-6F55-4BF6-9E91-E4D7A955C8FE}.Release Server Only|Xbox 360.ActiveCfg = Release Server Only|Win32
		{50065103-6F55-4BF6-9E91-E4D7A955C8FE}.Release|Win32.ActiveCfg = Release|Win32
		{50065103-6F55-4BF6-9E91-E4D7A955C8FE}.Release|Win32.Build.0 = Release|Win32
		{50065103-6F55-4BF6-9E91-E4D7A955C8FE}.Release|x64.ActiveCfg = Release|x64
		{50065103-6F55-4BF6-9E91-E4D7A955C8FE}.Release|x64.Build.0 = Release|x64
		{50065103-6F55-4BF6-9E91-E4D7A955C8FE}.Release|Xbox 360.ActiveCfg = Release|Win32
		{611E60F1-B300-47F1-9E33-591B5BAD59ED}.Debug|Win32.ActiveCfg = Debug|Win32
		{611E60F1-B300-47F1-9E33-591B5BAD59ED}.Debug|Win32.Build.0 = Debug|Win32
		{611E60F1-B300-47F1-9E33-591B5BAD59ED}.Debug|x64.ActiveCfg = Debug|x64
		{611E60F1-B300-47F1-9E33-591B5BAD59ED}.Debug|x64.Build.0 = Debug|x64
		{611E60F1-B300-47F1-9E33-591B5BAD59ED}.Debug|Xbox 360.ActiveCfg = Debug|Win32
		{611E60F1-B300-47F1-9E33-591B5BAD59ED}.Performance|Win32.ActiveCfg = Release|Win32
		{611E60F1-B300-47F1-9E33-591B5BAD59ED}.Performance|Win32.Build.0 = Release|Win32
		{611E60F1-B300-47F1-9E33-591B5BAD59ED}.Performance|x64.ActiveCfg = Release|x64
		{611E60F1-B300-47F1-9E33-591B5BAD59ED}.Performance|x64.Build.0 = Release|x64
		{611E60F1-B300-47F1-9E33-591B5BAD59ED}.Performance|Xbox 360.ActiveCfg = Release|Win32
		{611E60F1-B300-47F1-9E33-591B5BAD59ED}.Profile Server Only|Win32.ActiveCfg = Release|Win32
		{611E60F1-B300-47F1-9E33-591B5BAD59ED}.Profile Server Only|Win32.Build.0 = Release|Win32
		{611E60F1-B300-47F1-9E33-591B5BAD59ED}.Profile Server Only|x64.ActiveCfg = Release|x64
		{611E60F1-B300-47F1-9E33-591B5BAD59ED}.Profile Server Only|x64.Build.0 = Release|x64
		{611E60F1-B300-47F1-9E33-591B5BAD59ED}.Profile Server Only|Xbox 360.ActiveCfg = Release|Win32
		{611E60F1-B300-47F1-9E33-591B5BAD59ED}.Profile|Win32.ActiveCfg = Release|Win32
		{611E60F1-B300-47F1-9E33-591B5BAD59ED}.Profile|Win32.Build.0 = Release|Win32
		{611E60F1-B300-47F1-9E33-591B5BAD59ED}.Profile|x64.ActiveCfg = Release|x64
		{611E60F1-B300-47F1-9E33-591B5BAD59ED}.Profile|x64.Build.0 = Release|x64
		{611E60F1-B300-47F1-9E33-591B5BAD59ED}.Profile|Xbox 360.ActiveCfg = Release|Win32
		{611E60F1-B300-47F1-9E33-591B5BAD59ED}.Release Server Only|Win32.ActiveCfg = Release|Win32
		{611E60F1-B300-47F1-9E33-591B5BAD59ED}.Release Server Only|Win32.Build.0 = Release|Win32
		{611E60F1-B300-47F1-9E33-591B5BAD59ED}.Release Server Only|x64.ActiveCfg = Release|x64
		{611E60F1-B300-47F1-9E33-591B5BAD59ED}.Release Server Only|x64.Build.0 = Release|x64
		{611E60F1-B300-47F1-9E33-591B5BAD59ED}.Release Server Only|Xbox 360.ActiveCfg = Release|Win32
		{611E60F1-B300-47F1-9E33-591B5BAD59ED}.Release|Win32.ActiveCfg = Release|Win32
		{611E60F1-B300-47F1-9E33-591B5BAD59ED}.Release|Win32.Build.0 = Release|Win32
		{611E60F1-B300-47F1-9E33-591B5BAD59ED}.Release|x64.ActiveCfg = Release|x64
		{611E60F1-B300-47F1-9E33-591B5BAD59ED}.Release|x64.Build.0 = Release|x64
		{611E60F1-B300-47F1-9E33-591B5BAD59ED}.Release|Xbox 360.ActiveCfg = Release|Win32
		{90193419-7421-4233-BEBD-148D6566622B}.Debug|Win32.ActiveCfg = Debug|Win32
		{90193419-7421-4233-BEBD-148D6566622B}.Debug|Win32.Build.0 = Debug|Win32
		{90193419-7421-4233-BEBD-148D6566622B}.Debug|x64.ActiveCfg = Debug|x64
		{90193419-7421-4233-BEBD-148D6566622B}.Debug|x64.Build.0 = Debug|x64
		{90193419-7421-4233-BEBD-148D6566622B}.Debug|Xbox 360.ActiveCfg = Debug|Win32
		{90193419-7421-4233-BEBD-148D6566622B}.Performance|Win32.ActiveCfg = Release|Win32
		{90193419-7421-4233-BEBD-148D6566622B}.Performance|Win32.Build.0 = Release|Win32
		{90193419-7421-4233-BEBD-148D6566622B}.Performance|x64.ActiveCfg = Release|x64
		{90193419-7421-4233-BEBD-148D6566622B}.Performance|x64.Build.0 = Release|x64
		{90193419-7421-4233-BEBD-148D6566622B}.Performance|Xbox 360.ActiveCfg = Release|Win32
		{90193419-7421-4233-BEBD-148D6566622B}.Profile Server Only|Win32.ActiveCfg = Release|Win32
		{90193419-7421-4233-BEBD-148D6566622B}.Profile Server Only|Win32.Build.0 = Release|Win32
		{90193419-7421-4233-BEBD-148D6566622B}.Profile Server Only|x64.ActiveCfg = Release|x64
		{90193419-7421-4233-BEBD-148D6566622B}.Profile Server Only|x64.Build.0 = Release|x64
		{90193419-7421-4233-BEBD-148D6566622B}.Profile Server Only|Xbox 360.ActiveCfg = Release|Win32
		{90193419-7421-4233-BEBD-148D6566622B}.Profile|Win32.ActiveCfg = Release|Win32
		{90193419-7421-4233-BEBD-148D6566622B}.Profile|Win32.Build.0 = Release|Win32
		{90193419-7421-4233-BEBD-148D6566622B}.Profile|x64.ActiveCfg = Release|x64
		{90193419-7421-4233-BEBD-148D6566622B}.Profile|x64.Build.0 = Release|x64
		{90193419-7421-4233-BEBD-148D6566622B}.Profile|Xbox 360.ActiveCfg = Release|Win32
		{90193419-7421-4233-BEBD-148D6566622B}.Release Server Only|Win32.ActiveCfg = Release|Win32
		{90193419-7421-4233-BEBD-148D6566622B}.Release Server Only|Win32.Build.0 = Release|Win32
		{90193419-7421-4233-BEBD-148D6566622B}.Release Server Only|x64.ActiveCfg = Release|x64
		{90193419-7421-4233-BEBD-148D6566622B}.Release Server Only|x64.Build.0 = Release|x64
		{90193419-7421-4233-BEBD-148D6566622B}.Release Server Only|Xbox 360.ActiveCfg = Release|Win32
		{90193419-7421-4233-BEBD-148D6566622B}.Release|Win32.ActiveCfg = Release|Win32
		{90193419-7421-4233-BEBD-148D6566622B}.Release|Win32.Build.0 = Release|Win32
		{90193419-7421-4233-BEBD-148D6566622B}.Release|x64.ActiveCfg = Release|x64
		{90193419-7421-4233-BEBD-148D6566622B}.Release|x64.Build.0 = Release|x64
		{90193419-7421-4233-BEBD-148D6566622B}.Release|Xbox 360.ActiveCfg = Release|Win32
		{3E7CB34E-8C3C-49BE-A5A2-CEE7E3FB430D}.Debug|Win32.ActiveCfg = Debug|Win32
		{3E7CB34E-8C3C-49BE-A5A2-CEE7E3FB430D}.Debug|Win32.Build.0 = Debug|Win32
		{3E7CB34E-8C3C-49BE-A5A2-CEE7E3FB430D}.Debug|x64.ActiveCfg = Debug|x64
		{3E7CB34E-8C3C-49BE-A5A2-CEE7E3FB430D}.Debug|x64.Build.0 = Debug|x64
		{3E7CB34E-8C3C-49BE-A5A2-CEE7E3FB430D}.Debug|Xbox 360.ActiveCfg = Debug|Win32
		{3E7CB34E-8C3C-49BE-A5A2-CEE7E3FB430D}.Performance|Win32.ActiveCfg = Release|Win32
		{3E7CB34E-8C3C-49BE-A5A2-CEE7E3FB430D}.Performance|Win32.Build.0 = Release|Win32
		{3E7CB34E-8C3C-49BE-A5A2-CEE7E3FB430D}.Performance|x64.ActiveCfg = Release|x64
		{3E7CB34E-8C3C-49BE-A5A2-CEE7E3FB430D}.Performance|x64.Build.0 = Release|x64
		{3E7CB34E-8C3C-49BE-A5A2-CEE7E3FB430D}.Performance|Xbox 360.ActiveCfg = Release|Win32
		{3E7CB34E-8C3C-49BE-A5A2-CEE7E3FB430D}.Profile Server Only|Win32.ActiveCfg = Release|Win32
		{3E7CB34E-8C3C-49BE-A5A2-CEE7E3FB430D}.Profile Server Only|Win32.Build.0 = Release|Win32
		{3E7CB34E-8C3C-49BE-A5A2-CEE7E3FB430D}.Profile Server Only|x64.ActiveCfg = Release|x64
		{3E7CB34E-8C3C-49BE-A5A2-CEE7E3FB430D}.Profile Server Only|x64.Build.0 = Release|x64
		{3E7CB34E-8C3C-49BE-A5A2-CEE7E3FB430D}.Profile Server Only|Xbox 360.ActiveCfg = Release|Win32
		{3E7CB34E-8C3C-49BE-A5A2-CEE7E3FB430D}.Profile|Win32.ActiveCfg = Release|Win32
		{3E7CB34E-8C3C-49BE-A5A2-CEE7E3FB430D}.Profile|Win32.Build.0 = Release|Win32
		{3E7CB34E-8C3C-49BE-A5A2-CEE7E3FB430D}.Profile|x64.ActiveCfg = Release|x64
		{3E7CB34E-8C3C-49BE-A5A2-CEE7E3FB430D}.Profile|x64.Build.0 = Release|x64
		{3E7CB34E-8C3C-49BE-A5A2-CEE7E3FB430D}.Profile|Xbox 360.ActiveCfg = Release|Win32
		{3E7CB34E-8C3C-49BE-A5A2-CEE7E3FB430D}.Release Server Only|Win32.ActiveCfg = Release|Win32
		{3E7CB34E-8C3C-49BE-A5A2-CEE7E3FB430D}.Release Server Only|Win32.Build.0 = Release|Win32
		{3E7CB34E-8C3C-49BE-A5A2-CEE7E3FB430D}.Release Server Only|x64.ActiveCfg = Release|x64
		{3E7CB34E-8C3C-49BE-A5A2-CEE7E3FB430D}.Release Server Only|x64.Build.0 = Release|x64
		{3E7CB34E-8C3C-49BE-A5A2-CEE7E3FB430D}.Release Server Only|Xbox 360.ActiveCfg = Release|Win32
		{3E7CB34E-8C3C-49BE-A5A2-CEE7E3FB430D}.Release|Win32.ActiveCfg = Release|Win32
		{3E7CB34E-8C3C-49BE-A5A2-CEE7E3FB430D}.Release|Win32.Build.0 = Release|Win32
		{3E7CB34E-8C3C-49BE-A5A2-CEE7E3FB430D}.Release|x64.ActiveCfg = Release|x64
		{3E7CB34E-8C3C-49BE-A5A2-CEE7E3FB430D}.Release|x64.Build.0 = Release|x64
		{3E7CB34E-8C3C-49BE-A5A2-CEE7E3FB430D}.Release|Xbox 360.ActiveCfg = Release|Win32
	EndGlobalSection
	GlobalSection(SolutionProperties) = preSolution
		HideSolutionNode = FALSE
	EndGlobalSection
	GlobalSection(NestedProjects) = preSolution
		{AEB958D4-45CA-478B-BA8E-D0E897CE974B} = {E5BA3811-26B7-41D0-A1A1-A8C39AD0E03D}
		{498187B3-E46F-45FA-A202-992AE9FDA01A} = {78E8FC00-CA9B-4FEF-993C-79D220E218AA}
		{50065103-6F55-4BF6-9E91-E4D7A955C8FE} = {78E8FC00-CA9B-4FEF-993C-79D220E218AA}
	EndGlobalSection
	GlobalSection(ExtensibilityGlobals) = postSolution
		DPBuild = 5
	EndGlobalSection
	GlobalSection(DevPartner Solution Properties) = postSolution
	EndGlobalSection
	GlobalSection(DevPartner) = postSolution
	EndGlobalSection
	GlobalSection(DevPartner) = postSolution
	EndGlobalSection
	GlobalSection(DevPartner) = postSolution
	EndGlobalSection
	GlobalSection(DevPartner) = postSolution
	EndGlobalSection
	GlobalSection(DevPartner) = postSolution
	EndGlobalSection
	GlobalSection(DevPartner) = postSolution
	EndGlobalSection
	GlobalSection(DevPartner) = postSolution
	EndGlobalSection
	GlobalSection(DevPartner) = postSolution
	EndGlobalSection
	GlobalSection(DevPartner) = postSolution
	EndGlobalSection
	GlobalSection(DevPartner) = postSolution
	EndGlobalSection
	GlobalSection(DevPartner) = postSolution
	EndGlobalSection
	GlobalSection(DevPartner) = postSolution
	EndGlobalSection
	GlobalSection(DevPartner) = postSolution
	EndGlobalSection
	GlobalSection(DevPartner) = postSolution
	EndGlobalSection
	GlobalSection(DevPartner) = postSolution
	EndGlobalSection
	GlobalSection(DevPartner) = postSolution
	EndGlobalSection
	GlobalSection(DevPartner) = postSolution
	EndGlobalSection
EndGlobal
